
Microsoft Visual Studio Solution File, Format Version 12.00
# Visual Studio Version 16
VisualStudioVersion = 16.0.33927.289
MinimumVisualStudioVersion = 10.0.40219.1
Project("{FAE04EC0-301F-11D3-BF4B-00C04F79EFBC}") = "ConvertidorCF", "ConvertidorCF\ConvertidorCF.csproj", "{791507DC-CE42-4A29-B40A-05AAFBF448D7}"
EndProject
Project("{2150E333-8FDC-42A3-9474-1A3956D46DE8}") = "imagenes", "imagenes", "{F6AD90BD-BE78-4D32-B693-0EB5EEB34ADE}"
	ProjectSection(SolutionItems) = preProject
		..\imagenes\farhenheit.jpg = ..\imagenes\farhenheit.jpg
	EndProjectSection
EndProject
Global
	GlobalSection(SolutionConfigurationPlatforms) = preSolution
		Debug|Any CPU = Debug|Any CPU
		Release|Any CPU = Release|Any CPU
	EndGlobalSection
	GlobalSection(ProjectConfigurationPlatforms) = postSolution
		{791507DC-CE42-4A29-B40A-05AAFBF448D7}.Debug|Any CPU.ActiveCfg = Debug|Any CPU
		{791507DC-CE42-4A29-B40A-05AAFBF448D7}.Debug|Any CPU.Build.0 = Debug|Any CPU
		{791507DC-CE42-4A29-B40A-05AAFBF448D7}.Release|Any CPU.ActiveCfg = Release|Any CPU
		{791507DC-CE42-4A29-B40A-05AAFBF448D7}.Release|Any CPU.Build.0 = Release|Any CPU
	EndGlobalSection
	GlobalSection(SolutionProperties) = preSolution
		HideSolutionNode = FALSE
	EndGlobalSection
	GlobalSection(ExtensibilityGlobals) = postSolution
		SolutionGuid = {2388C0A7-D97B-4F7F-89C7-ED824585296E}
	EndGlobalSection
EndGlobal
